
Microsoft Visual Studio Solution File, Format Version 12.00
# Visual Studio Version 17
VisualStudioVersion = 17.5.33424.131
MinimumVisualStudioVersion = 10.0.40219.1
Project("{9A19103F-16F7-4668-BE54-9A1E7A4F7556}") = "Project", "Project.csproj", "{A6CAAE71-DC82-4D51-A259-3ABE602F3A7C}"
EndProject
Global
	GlobalSection(SolutionConfigurationPlatforms) = preSolution
		Debug|Any CPU = Debug|Any CPU
		Release|Any CPU = Release|Any CPU
	EndGlobalSection
	GlobalSection(ProjectConfigurationPlatforms) = postSolution
		{A6CAAE71-DC82-4D51-A259-3ABE602F3A7C}.Debug|Any CPU.ActiveCfg = Debug|Any CPU
		{A6CAAE71-DC82-4D51-A259-3ABE602F3A7C}.Debug|Any CPU.Build.0 = Debug|Any CPU
		{A6CAAE71-DC82-4D51-A259-3ABE602F3A7C}.Release|Any CPU.ActiveCfg = Release|Any CPU
		{A6CAAE71-DC82-4D51-A259-3ABE602F3A7C}.Release|Any CPU.Build.0 = Release|Any CPU
	EndGlobalSection
	GlobalSection(SolutionProperties) = preSolution
		HideSolutionNode = FALSE
	EndGlobalSection
	GlobalSection(ExtensibilityGlobals) = postSolution
		SolutionGuid = {830CB6C8-74FC-48F0-AD9F-EEE3699AD602}
	EndGlobalSection
EndGlobal
