
Microsoft Visual Studio Solution File, Format Version 12.00
# Visual Studio Version 17
VisualStudioVersion = 17.4.33403.182
MinimumVisualStudioVersion = 10.0.40219.1
Project("{9A19103F-16F7-4668-BE54-9A1E7A4F7556}") = "Project", "Project.csproj", "{4072E247-9A37-4353-8471-1688F756E4DE}"
EndProject
Global
	GlobalSection(SolutionConfigurationPlatforms) = preSolution
		Debug|Any CPU = Debug|Any CPU
		Release|Any CPU = Release|Any CPU
	EndGlobalSection
	GlobalSection(ProjectConfigurationPlatforms) = postSolution
		{4072E247-9A37-4353-8471-1688F756E4DE}.Debug|Any CPU.ActiveCfg = Debug|Any CPU
		{4072E247-9A37-4353-8471-1688F756E4DE}.Debug|Any CPU.Build.0 = Debug|Any CPU
		{4072E247-9A37-4353-8471-1688F756E4DE}.Release|Any CPU.ActiveCfg = Release|Any CPU
		{4072E247-9A37-4353-8471-1688F756E4DE}.Release|Any CPU.Build.0 = Release|Any CPU
	EndGlobalSection
	GlobalSection(SolutionProperties) = preSolution
		HideSolutionNode = FALSE
	EndGlobalSection
	GlobalSection(ExtensibilityGlobals) = postSolution
		SolutionGuid = {DADFDBA8-6AF6-443E-8ED3-7774B692E0EB}
	EndGlobalSection
EndGlobal
